
Microsoft Visual Studio Solution File, Format Version 12.00
# Visual Studio Version 17
VisualStudioVersion = 17.9.34723.18
MinimumVisualStudioVersion = 10.0.40219.1
Project("{FAE04EC0-301F-11D3-BF4B-00C04F79EFBC}") = "pospizzeria", "pospizzeria\pospizzeria.csproj", "{55AE7EDA-64A1-4F1E-AC15-A6BC74D2B88E}"
EndProject
Global
	GlobalSection(SolutionConfigurationPlatforms) = preSolution
		Debug|Any CPU = Debug|Any CPU
		Release|Any CPU = Release|Any CPU
	EndGlobalSection
	GlobalSection(ProjectConfigurationPlatforms) = postSolution
		{55AE7EDA-64A1-4F1E-AC15-A6BC74D2B88E}.Debug|Any CPU.ActiveCfg = Debug|Any CPU
		{55AE7EDA-64A1-4F1E-AC15-A6BC74D2B88E}.Debug|Any CPU.Build.0 = Debug|Any CPU
		{55AE7EDA-64A1-4F1E-AC15-A6BC74D2B88E}.Release|Any CPU.ActiveCfg = Release|Any CPU
		{55AE7EDA-64A1-4F1E-AC15-A6BC74D2B88E}.Release|Any CPU.Build.0 = Release|Any CPU
	EndGlobalSection
	GlobalSection(SolutionProperties) = preSolution
		HideSolutionNode = FALSE
	EndGlobalSection
	GlobalSection(ExtensibilityGlobals) = postSolution
		SolutionGuid = {4ED33D45-96D0-4E63-8D67-25FB7B965C6C}
	EndGlobalSection
EndGlobal
