
Microsoft Visual Studio Solution File, Format Version 12.00
# Visual Studio Version 17
VisualStudioVersion = 17.9.34723.18
MinimumVisualStudioVersion = 10.0.40219.1
Project("{FAE04EC0-301F-11D3-BF4B-00C04F79EFBC}") = "api_pospizzeria", "api_pospizzeria\api_pospizzeria.csproj", "{DA5BD195-FC12-4605-8B93-C0A94EEA152D}"
EndProject
Global
	GlobalSection(SolutionConfigurationPlatforms) = preSolution
		Debug|Any CPU = Debug|Any CPU
		Release|Any CPU = Release|Any CPU
	EndGlobalSection
	GlobalSection(ProjectConfigurationPlatforms) = postSolution
		{DA5BD195-FC12-4605-8B93-C0A94EEA152D}.Debug|Any CPU.ActiveCfg = Debug|Any CPU
		{DA5BD195-FC12-4605-8B93-C0A94EEA152D}.Debug|Any CPU.Build.0 = Debug|Any CPU
		{DA5BD195-FC12-4605-8B93-C0A94EEA152D}.Release|Any CPU.ActiveCfg = Release|Any CPU
		{DA5BD195-FC12-4605-8B93-C0A94EEA152D}.Release|Any CPU.Build.0 = Release|Any CPU
	EndGlobalSection
	GlobalSection(SolutionProperties) = preSolution
		HideSolutionNode = FALSE
	EndGlobalSection
	GlobalSection(ExtensibilityGlobals) = postSolution
		SolutionGuid = {81BD8AFC-B67A-4B97-B085-90524F1A34D5}
	EndGlobalSection
EndGlobal
